
Microsoft Visual Studio Solution File, Format Version 12.00
# Visual Studio Version 16
VisualStudioVersion = 16.0.30804.86
MinimumVisualStudioVersion = 10.0.40219.1
Project("{FAE04EC0-301F-11D3-BF4B-00C04F79EFBC}") = "Blaze", "Blaze.csproj", "{F11F28CD-AE9A-4EE4-AB3D-9CC92895BDC2}"
EndProject
Global
	GlobalSection(SolutionConfigurationPlatforms) = preSolution
		Debug|Any CPU = Debug|Any CPU
		Release|Any CPU = Release|Any CPU
	EndGlobalSection
	GlobalSection(ProjectConfigurationPlatforms) = postSolution
		{F11F28CD-AE9A-4EE4-AB3D-9CC92895BDC2}.Debug|Any CPU.ActiveCfg = Debug|Any CPU
		{F11F28CD-AE9A-4EE4-AB3D-9CC92895BDC2}.Debug|Any CPU.Build.0 = Debug|Any CPU
		{F11F28CD-AE9A-4EE4-AB3D-9CC92895BDC2}.Release|Any CPU.ActiveCfg = Release|Any CPU
		{F11F28CD-AE9A-4EE4-AB3D-9CC92895BDC2}.Release|Any CPU.Build.0 = Release|Any CPU
	EndGlobalSection
	GlobalSection(SolutionProperties) = preSolution
		HideSolutionNode = FALSE
	EndGlobalSection
	GlobalSection(ExtensibilityGlobals) = postSolution
		SolutionGuid = {A5E0A07A-1934-402C-B42E-8A664968C7B0}
	EndGlobalSection
EndGlobal
